
Microsoft Visual Studio Solution File, Format Version 12.00
# Visual Studio Version 16
VisualStudioVersion = 16.0.36602.28
MinimumVisualStudioVersion = 10.0.40219.1
Project("{8BC9CEB8-8B4A-11D0-8D11-00A0C91BC942}") = "CudaRuntime4", "CudaRuntime4\CudaRuntime4.vcxproj", "{680926EE-D414-4CD5-ACFD-E0B4E3057DA7}"
EndProject
Global
	GlobalSection(SolutionConfigurationPlatforms) = preSolution
		Debug|x64 = Debug|x64
		Release|x64 = Release|x64
	EndGlobalSection
	GlobalSection(ProjectConfigurationPlatforms) = postSolution
		{680926EE-D414-4CD5-ACFD-E0B4E3057DA7}.Debug|x64.ActiveCfg = Debug|x64
		{680926EE-D414-4CD5-ACFD-E0B4E3057DA7}.Debug|x64.Build.0 = Debug|x64
		{680926EE-D414-4CD5-ACFD-E0B4E3057DA7}.Release|x64.ActiveCfg = Release|x64
		{680926EE-D414-4CD5-ACFD-E0B4E3057DA7}.Release|x64.Build.0 = Release|x64
	EndGlobalSection
	GlobalSection(SolutionProperties) = preSolution
		HideSolutionNode = FALSE
	EndGlobalSection
	GlobalSection(ExtensibilityGlobals) = postSolution
		SolutionGuid = {C692CCAE-4DB4-41CC-AF1C-FDE234288ECE}
	EndGlobalSection
EndGlobal
